
Microsoft Visual Studio Solution File, Format Version 12.00
# Visual Studio Version 17
VisualStudioVersion = 17.8.34525.116
MinimumVisualStudioVersion = 10.0.40219.1
Project("{FAE04EC0-301F-11D3-BF4B-00C04F79EFBC}") = "ParkingSQL", "ParkingSQL\ParkingSQL.csproj", "{6D806A33-6BEB-4C8C-94B3-3C9C025765BC}"
EndProject
Global
	GlobalSection(SolutionConfigurationPlatforms) = preSolution
		Debug|Any CPU = Debug|Any CPU
		Release|Any CPU = Release|Any CPU
	EndGlobalSection
	GlobalSection(ProjectConfigurationPlatforms) = postSolution
		{6D806A33-6BEB-4C8C-94B3-3C9C025765BC}.Debug|Any CPU.ActiveCfg = Debug|Any CPU
		{6D806A33-6BEB-4C8C-94B3-3C9C025765BC}.Debug|Any CPU.Build.0 = Debug|Any CPU
		{6D806A33-6BEB-4C8C-94B3-3C9C025765BC}.Release|Any CPU.ActiveCfg = Release|Any CPU
		{6D806A33-6BEB-4C8C-94B3-3C9C025765BC}.Release|Any CPU.Build.0 = Release|Any CPU
	EndGlobalSection
	GlobalSection(SolutionProperties) = preSolution
		HideSolutionNode = FALSE
	EndGlobalSection
	GlobalSection(ExtensibilityGlobals) = postSolution
		SolutionGuid = {394BA126-0391-4C54-97F2-DD9DCAE86523}
	EndGlobalSection
EndGlobal
